
Microsoft Visual Studio Solution File, Format Version 12.00
# Visual Studio Version 17
VisualStudioVersion = 17.0.31903.59
MinimumVisualStudioVersion = 10.0.40219.1
Project("{2150E333-8FDC-42A3-9474-1A3956D46DE8}") = "src", "src", "{59D94E01-8516-482C-9394-44BDE86BD7D6}"
EndProject
Project("{FAE04EC0-301F-11D3-BF4B-00C04F79EFBC}") = "AuctionService", "src\AuctionService\AuctionService.csproj", "{F7C0362F-3F88-4936-BEFB-26AA1A1D7B74}"
EndProject
Project("{FAE04EC0-301F-11D3-BF4B-00C04F79EFBC}") = "SearchService", "src\SearchService\SearchService.csproj", "{A0420AF6-D11E-419B-AAF1-3CA7B6FF018C}"
EndProject
Project("{FAE04EC0-301F-11D3-BF4B-00C04F79EFBC}") = "Contracts", "src\Contracts\Contracts.csproj", "{CE8219B3-72B0-4A2E-9CBE-5C8C6AF0A939}"
EndProject
Global
	GlobalSection(SolutionConfigurationPlatforms) = preSolution
		Debug|Any CPU = Debug|Any CPU
		Release|Any CPU = Release|Any CPU
	EndGlobalSection
	GlobalSection(SolutionProperties) = preSolution
		HideSolutionNode = FALSE
	EndGlobalSection
	GlobalSection(ProjectConfigurationPlatforms) = postSolution
		{F7C0362F-3F88-4936-BEFB-26AA1A1D7B74}.Debug|Any CPU.ActiveCfg = Debug|Any CPU
		{F7C0362F-3F88-4936-BEFB-26AA1A1D7B74}.Debug|Any CPU.Build.0 = Debug|Any CPU
		{F7C0362F-3F88-4936-BEFB-26AA1A1D7B74}.Release|Any CPU.ActiveCfg = Release|Any CPU
		{F7C0362F-3F88-4936-BEFB-26AA1A1D7B74}.Release|Any CPU.Build.0 = Release|Any CPU
		{A0420AF6-D11E-419B-AAF1-3CA7B6FF018C}.Debug|Any CPU.ActiveCfg = Debug|Any CPU
		{A0420AF6-D11E-419B-AAF1-3CA7B6FF018C}.Debug|Any CPU.Build.0 = Debug|Any CPU
		{A0420AF6-D11E-419B-AAF1-3CA7B6FF018C}.Release|Any CPU.ActiveCfg = Release|Any CPU
		{A0420AF6-D11E-419B-AAF1-3CA7B6FF018C}.Release|Any CPU.Build.0 = Release|Any CPU
		{CE8219B3-72B0-4A2E-9CBE-5C8C6AF0A939}.Debug|Any CPU.ActiveCfg = Debug|Any CPU
		{CE8219B3-72B0-4A2E-9CBE-5C8C6AF0A939}.Debug|Any CPU.Build.0 = Debug|Any CPU
		{CE8219B3-72B0-4A2E-9CBE-5C8C6AF0A939}.Release|Any CPU.ActiveCfg = Release|Any CPU
		{CE8219B3-72B0-4A2E-9CBE-5C8C6AF0A939}.Release|Any CPU.Build.0 = Release|Any CPU
	EndGlobalSection
	GlobalSection(NestedProjects) = preSolution
		{F7C0362F-3F88-4936-BEFB-26AA1A1D7B74} = {59D94E01-8516-482C-9394-44BDE86BD7D6}
		{A0420AF6-D11E-419B-AAF1-3CA7B6FF018C} = {59D94E01-8516-482C-9394-44BDE86BD7D6}
		{CE8219B3-72B0-4A2E-9CBE-5C8C6AF0A939} = {59D94E01-8516-482C-9394-44BDE86BD7D6}
	EndGlobalSection
EndGlobal
